
Microsoft Visual Studio Solution File, Format Version 12.00
# Visual Studio 15
VisualStudioVersion = 15.0.28307.168
MinimumVisualStudioVersion = 10.0.40219.1
Project("{2150E333-8FDC-42A3-9474-1A3956D46DE8}") = "Solution Items", "Solution Items", "{C3674DFC-D92D-41EA-8D41-3DB784922317}"
	ProjectSection(SolutionItems) = preProject
		global.json = global.json
		README.md = README.md
	EndProjectSection
EndProject
Project("{FAE04EC0-301F-11D3-BF4B-00C04F79EFBC}") = "DeploySSH", "DeploySSH\DeploySSH.csproj", "{705D478D-8806-4B8C-80A2-48EB2076E2CA}"
EndProject
Project("{FAE04EC0-301F-11D3-BF4B-00C04F79EFBC}") = "DeploySSHCore", "DeploySSHCore\DeploySSHCore.csproj", "{8A1BD37B-5F12-49D0-9B38-77949F39B352}"
EndProject
Project("{FAE04EC0-301F-11D3-BF4B-00C04F79EFBC}") = "DeploySSHNet", "DeploySSHNet\DeploySSHNet.csproj", "{849FBEC4-377D-4745-91DB-6F3808485D6A}"
EndProject
Project("{9A19103F-16F7-4668-BE54-9A1E7A4F7556}") = "DeploySSHTests", "DeploySSHTests\DeploySSHTests.csproj", "{B24B63AC-F688-40A5-98A2-F53096108F0B}"
EndProject
Global
	GlobalSection(SolutionConfigurationPlatforms) = preSolution
		Debug|Any CPU = Debug|Any CPU
		Release|Any CPU = Release|Any CPU
	EndGlobalSection
	GlobalSection(ProjectConfigurationPlatforms) = postSolution
		{705D478D-8806-4B8C-80A2-48EB2076E2CA}.Debug|Any CPU.ActiveCfg = Debug|Any CPU
		{705D478D-8806-4B8C-80A2-48EB2076E2CA}.Debug|Any CPU.Build.0 = Debug|Any CPU
		{705D478D-8806-4B8C-80A2-48EB2076E2CA}.Release|Any CPU.ActiveCfg = Release|Any CPU
		{705D478D-8806-4B8C-80A2-48EB2076E2CA}.Release|Any CPU.Build.0 = Release|Any CPU
		{8A1BD37B-5F12-49D0-9B38-77949F39B352}.Debug|Any CPU.ActiveCfg = Debug|Any CPU
		{8A1BD37B-5F12-49D0-9B38-77949F39B352}.Debug|Any CPU.Build.0 = Debug|Any CPU
		{8A1BD37B-5F12-49D0-9B38-77949F39B352}.Release|Any CPU.ActiveCfg = Release|Any CPU
		{8A1BD37B-5F12-49D0-9B38-77949F39B352}.Release|Any CPU.Build.0 = Release|Any CPU
		{849FBEC4-377D-4745-91DB-6F3808485D6A}.Debug|Any CPU.ActiveCfg = Debug|Any CPU
		{849FBEC4-377D-4745-91DB-6F3808485D6A}.Debug|Any CPU.Build.0 = Debug|Any CPU
		{849FBEC4-377D-4745-91DB-6F3808485D6A}.Release|Any CPU.ActiveCfg = Release|Any CPU
		{849FBEC4-377D-4745-91DB-6F3808485D6A}.Release|Any CPU.Build.0 = Release|Any CPU
		{B24B63AC-F688-40A5-98A2-F53096108F0B}.Debug|Any CPU.ActiveCfg = Debug|Any CPU
		{B24B63AC-F688-40A5-98A2-F53096108F0B}.Debug|Any CPU.Build.0 = Debug|Any CPU
		{B24B63AC-F688-40A5-98A2-F53096108F0B}.Release|Any CPU.ActiveCfg = Release|Any CPU
		{B24B63AC-F688-40A5-98A2-F53096108F0B}.Release|Any CPU.Build.0 = Release|Any CPU
	EndGlobalSection
	GlobalSection(SolutionProperties) = preSolution
		HideSolutionNode = FALSE
	EndGlobalSection
	GlobalSection(ExtensibilityGlobals) = postSolution
		SolutionGuid = {A024F855-910A-4524-9D05-3A6FDD8D6AAF}
	EndGlobalSection
EndGlobal
